
Microsoft Visual Studio Solution File, Format Version 12.00
# Visual Studio Version 17
VisualStudioVersion = 17.2.32602.215
MinimumVisualStudioVersion = 10.0.40219.1
Project("{9A19103F-16F7-4668-BE54-9A1E7A4F7556}") = "BoletoUpload", "BoletoUpload\BoletoUpload.csproj", "{A6CF5D8F-7A66-4F96-80D5-C73125439BD8}"
EndProject
Global
	GlobalSection(SolutionConfigurationPlatforms) = preSolution
		Debug|Any CPU = Debug|Any CPU
		Release|Any CPU = Release|Any CPU
	EndGlobalSection
	GlobalSection(ProjectConfigurationPlatforms) = postSolution
		{A6CF5D8F-7A66-4F96-80D5-C73125439BD8}.Debug|Any CPU.ActiveCfg = Debug|Any CPU
		{A6CF5D8F-7A66-4F96-80D5-C73125439BD8}.Debug|Any CPU.Build.0 = Debug|Any CPU
		{A6CF5D8F-7A66-4F96-80D5-C73125439BD8}.Release|Any CPU.ActiveCfg = Release|Any CPU
		{A6CF5D8F-7A66-4F96-80D5-C73125439BD8}.Release|Any CPU.Build.0 = Release|Any CPU
	EndGlobalSection
	GlobalSection(SolutionProperties) = preSolution
		HideSolutionNode = FALSE
	EndGlobalSection
	GlobalSection(ExtensibilityGlobals) = postSolution
		SolutionGuid = {B98DD7D3-DC7A-4446-BE46-77FBBEF54252}
	EndGlobalSection
EndGlobal
